PODS:
  - AFNetworking (4.0.1):
    - AFNetworking/NSURLSession (= 4.0.1)
    - AFNetworking/Reachability (= 4.0.1)
    - AFNetworking/Security (= 4.0.1)
    - AFNetworking/Serialization (= 4.0.1)
    - AFNetworking/UIKit (= 4.0.1)
  - AFNetworking/NSURLSession (4.0.1):
    - AFNetworking/Reachability
    - AFNetworking/Security
    - AFNetworking/Serialization
  - AFNetworking/Reachability (4.0.1)
  - AFNetworking/Security (4.0.1)
  - AFNetworking/Serialization (4.0.1)
  - AFNetworking/UIKit (4.0.1):
    - AFNetworking/NSURLSession
  - Masonry (1.1.0)
  - SDWebImage (5.12.3):
    - SDWebImage/Core (= 5.12.3)
  - SDWebImage/Core (5.12.3)
  - SVProgressHUD (2.2.5)
  - TZImagePickerController (3.7.3)

DEPENDENCIES:
  - AFNetworking (~> 4.0.1)
  - Masonry
  - SDWebImage (~> 5.12.3)
  - SVProgressHUD
  - TZImagePickerController

SPEC REPOS:
  trunk:
    - AFNetworking
    - Masonry
    - SDWebImage
    - SVProgressHUD
    - TZImagePickerController

SPEC CHECKSUMS:
  AFNetworking: 7864c38297c79aaca1500c33288e429c3451fdce
  Masonry: 678fab65091a9290e40e2832a55e7ab731aad201
  SDWebImage: 53179a2dba77246efa8a9b85f5c5b21f8f43e38f
  SVProgressHUD: 1428aafac632c1f86f62aa4243ec12008d7a51d6
  TZImagePickerController: d8c57e56fe6990a961d03134121a091c31015aa5

PODFILE CHECKSUM: d5f65c91ea58df34cf50932eb81968e9b46e9ed8

COCOAPODS: 1.11.2
